
Microsoft Visual Studio Solution File, Format Version 12.00
# Visual Studio 14
VisualStudioVersion = 14.0.25420.1
MinimumVisualStudioVersion = 10.0.40219.1
Project("{8BC9CEB8-8B4A-11D0-8D11-00A0C91BC942}") = "1_certlist", "1_certlist\1_certlist.vcxproj", "{D04813DC-1D68-46A6-AC7F-9F3A34AA1851}"
EndProject
Project("{8BC9CEB8-8B4A-11D0-8D11-00A0C91BC942}") = "2_enumstore", "2_enumstore\2_enumstore.vcxproj", "{D04813DC-1D68-46A6-AC7F-9F3A34AA1852}"
EndProject
Project("{8BC9CEB8-8B4A-11D0-8D11-00A0C91BC942}") = "3_asnCodec", "3_asnCodec\3_asnCodec.vcxproj", "{D04813DC-1D68-46A6-AC7F-9F3A34AA1853}"
EndProject
Project("{8BC9CEB8-8B4A-11D0-8D11-00A0C91BC942}") = "4_getsetprop", "4_getsetprop\4_getsetprop.vcxproj", "{D04813DC-1D68-46A6-AC7F-9F3A34AA1854}"
EndProject
Global
	GlobalSection(SolutionConfigurationPlatforms) = preSolution
		Debug|x64 = Debug|x64
		Debug|x86 = Debug|x86
		Release|x64 = Release|x64
		Release|x86 = Release|x86
	EndGlobalSection
	GlobalSection(ProjectConfigurationPlatforms) = postSolution
		{D04813DC-1D68-46A6-AC7F-9F3A34AA1851}.Debug|x64.ActiveCfg = Debug|x64
		{D04813DC-1D68-46A6-AC7F-9F3A34AA1851}.Debug|x64.Build.0 = Debug|x64
		{D04813DC-1D68-46A6-AC7F-9F3A34AA1851}.Debug|x86.ActiveCfg = Debug|Win32
		{D04813DC-1D68-46A6-AC7F-9F3A34AA1851}.Debug|x86.Build.0 = Debug|Win32
		{D04813DC-1D68-46A6-AC7F-9F3A34AA1851}.Release|x64.ActiveCfg = Release|x64
		{D04813DC-1D68-46A6-AC7F-9F3A34AA1851}.Release|x64.Build.0 = Release|x64
		{D04813DC-1D68-46A6-AC7F-9F3A34AA1851}.Release|x86.ActiveCfg = Release|Win32
		{D04813DC-1D68-46A6-AC7F-9F3A34AA1851}.Release|x86.Build.0 = Release|Win32
		{D04813DC-1D68-46A6-AC7F-9F3A34AA1852}.Debug|x64.ActiveCfg = Debug|x64
		{D04813DC-1D68-46A6-AC7F-9F3A34AA1852}.Debug|x64.Build.0 = Debug|x64
		{D04813DC-1D68-46A6-AC7F-9F3A34AA1852}.Debug|x86.ActiveCfg = Debug|Win32
		{D04813DC-1D68-46A6-AC7F-9F3A34AA1852}.Debug|x86.Build.0 = Debug|Win32
		{D04813DC-1D68-46A6-AC7F-9F3A34AA1852}.Release|x64.ActiveCfg = Release|x64
		{D04813DC-1D68-46A6-AC7F-9F3A34AA1852}.Release|x64.Build.0 = Release|x64
		{D04813DC-1D68-46A6-AC7F-9F3A34AA1852}.Release|x86.ActiveCfg = Release|Win32
		{D04813DC-1D68-46A6-AC7F-9F3A34AA1852}.Release|x86.Build.0 = Release|Win32
		{D04813DC-1D68-46A6-AC7F-9F3A34AA1853}.Debug|x64.ActiveCfg = Debug|x64
		{D04813DC-1D68-46A6-AC7F-9F3A34AA1853}.Debug|x64.Build.0 = Debug|x64
		{D04813DC-1D68-46A6-AC7F-9F3A34AA1853}.Debug|x86.ActiveCfg = Debug|Win32
		{D04813DC-1D68-46A6-AC7F-9F3A34AA1853}.Debug|x86.Build.0 = Debug|Win32
		{D04813DC-1D68-46A6-AC7F-9F3A34AA1853}.Release|x64.ActiveCfg = Release|x64
		{D04813DC-1D68-46A6-AC7F-9F3A34AA1853}.Release|x64.Build.0 = Release|x64
		{D04813DC-1D68-46A6-AC7F-9F3A34AA1853}.Release|x86.ActiveCfg = Release|Win32
		{D04813DC-1D68-46A6-AC7F-9F3A34AA1853}.Release|x86.Build.0 = Release|Win32
		{D04813DC-1D68-46A6-AC7F-9F3A34AA1854}.Debug|x64.ActiveCfg = Debug|x64
		{D04813DC-1D68-46A6-AC7F-9F3A34AA1854}.Debug|x64.Build.0 = Debug|x64
		{D04813DC-1D68-46A6-AC7F-9F3A34AA1854}.Debug|x86.ActiveCfg = Debug|Win32
		{D04813DC-1D68-46A6-AC7F-9F3A34AA1854}.Debug|x86.Build.0 = Debug|Win32
		{D04813DC-1D68-46A6-AC7F-9F3A34AA1854}.Release|x64.ActiveCfg = Release|x64
		{D04813DC-1D68-46A6-AC7F-9F3A34AA1854}.Release|x64.Build.0 = Release|x64
		{D04813DC-1D68-46A6-AC7F-9F3A34AA1854}.Release|x86.ActiveCfg = Release|Win32
		{D04813DC-1D68-46A6-AC7F-9F3A34AA1854}.Release|x86.Build.0 = Release|Win32
	EndGlobalSection
	GlobalSection(SolutionProperties) = preSolution
		HideSolutionNode = FALSE
	EndGlobalSection
EndGlobal
