
Microsoft Visual Studio Solution File, Format Version 12.00
# Visual Studio 14
VisualStudioVersion = 14.0.25420.1
MinimumVisualStudioVersion = 10.0.40219.1
Project("{FAE04EC0-301F-11D3-BF4B-00C04F79EFBC}") = "csnutsTask1", "csnutsTask1\csnutsTask1.csproj", "{DD319781-CAFC-42D4-943A-5B0C325DF716}"
EndProject
Project("{FAE04EC0-301F-11D3-BF4B-00C04F79EFBC}") = "csTaskExcpt", "csTaskExcpt\csTaskExcpt.csproj", "{193A05EB-1FC3-4C54-9885-0FF3FDBF5C2E}"
EndProject
Project("{FAE04EC0-301F-11D3-BF4B-00C04F79EFBC}") = "SimuTask", "SimuTask\SimuTask.csproj", "{5354CF0E-96A8-4815-BFDD-A50D31A797C8}"
EndProject
Project("{FAE04EC0-301F-11D3-BF4B-00C04F79EFBC}") = "csCancelTask", "csCancelTask\csCancelTask.csproj", "{79D59169-F59B-4DA1-98FF-0F0DEF57EB9A}"
EndProject
Project("{FAE04EC0-301F-11D3-BF4B-00C04F79EFBC}") = "csAsyncExcpt", "csAsyncExcpt\csAsyncExcpt.csproj", "{0ED51688-5121-4510-83C7-E56404746984}"
EndProject
Global
	GlobalSection(SolutionConfigurationPlatforms) = preSolution
		Debug|Any CPU = Debug|Any CPU
		Release|Any CPU = Release|Any CPU
	EndGlobalSection
	GlobalSection(ProjectConfigurationPlatforms) = postSolution
		{DD319781-CAFC-42D4-943A-5B0C325DF716}.Debug|Any CPU.ActiveCfg = Debug|Any CPU
		{DD319781-CAFC-42D4-943A-5B0C325DF716}.Debug|Any CPU.Build.0 = Debug|Any CPU
		{DD319781-CAFC-42D4-943A-5B0C325DF716}.Release|Any CPU.ActiveCfg = Release|Any CPU
		{DD319781-CAFC-42D4-943A-5B0C325DF716}.Release|Any CPU.Build.0 = Release|Any CPU
		{193A05EB-1FC3-4C54-9885-0FF3FDBF5C2E}.Debug|Any CPU.ActiveCfg = Debug|Any CPU
		{193A05EB-1FC3-4C54-9885-0FF3FDBF5C2E}.Debug|Any CPU.Build.0 = Debug|Any CPU
		{193A05EB-1FC3-4C54-9885-0FF3FDBF5C2E}.Release|Any CPU.ActiveCfg = Release|Any CPU
		{193A05EB-1FC3-4C54-9885-0FF3FDBF5C2E}.Release|Any CPU.Build.0 = Release|Any CPU
		{5354CF0E-96A8-4815-BFDD-A50D31A797C8}.Debug|Any CPU.ActiveCfg = Debug|Any CPU
		{5354CF0E-96A8-4815-BFDD-A50D31A797C8}.Debug|Any CPU.Build.0 = Debug|Any CPU
		{5354CF0E-96A8-4815-BFDD-A50D31A797C8}.Release|Any CPU.ActiveCfg = Release|Any CPU
		{5354CF0E-96A8-4815-BFDD-A50D31A797C8}.Release|Any CPU.Build.0 = Release|Any CPU
		{79D59169-F59B-4DA1-98FF-0F0DEF57EB9A}.Debug|Any CPU.ActiveCfg = Debug|Any CPU
		{79D59169-F59B-4DA1-98FF-0F0DEF57EB9A}.Debug|Any CPU.Build.0 = Debug|Any CPU
		{79D59169-F59B-4DA1-98FF-0F0DEF57EB9A}.Release|Any CPU.ActiveCfg = Release|Any CPU
		{79D59169-F59B-4DA1-98FF-0F0DEF57EB9A}.Release|Any CPU.Build.0 = Release|Any CPU
		{0ED51688-5121-4510-83C7-E56404746984}.Debug|Any CPU.ActiveCfg = Debug|Any CPU
		{0ED51688-5121-4510-83C7-E56404746984}.Debug|Any CPU.Build.0 = Debug|Any CPU
		{0ED51688-5121-4510-83C7-E56404746984}.Release|Any CPU.ActiveCfg = Release|Any CPU
		{0ED51688-5121-4510-83C7-E56404746984}.Release|Any CPU.Build.0 = Release|Any CPU
	EndGlobalSection
	GlobalSection(SolutionProperties) = preSolution
		HideSolutionNode = FALSE
	EndGlobalSection
EndGlobal
