<?xml version="1.0" encoding="utf-8"?>
<Project ToolsVersion="4.0" xmlns="http://schemas.microsoft.com/developer/msbuild/2003">
  <ItemGroup>
    <ClCompile Include="SimpleCreateFile.cpp" />
    <ClCompile Include="..\..\__WinConst\itc\InterpretConst.cpp">
      <Filter>utils</Filter>
    </ClCompile>
    <ClCompile Include="..\utils.cpp">
      <Filter>utils</Filter>
    </ClCompile>
    <ClCompile Include="..\..\__WinConst\mswin\WinBase.itc.cpp">
      <Filter>utils</Filter>
    </ClCompile>
    <ClCompile Include="..\..\__WinConst\mswin\WinError.itc.cpp">
      <Filter>utils</Filter>
    </ClCompile>
    <ClCompile Include="..\..\__WinConst\mswin\winnt.itc.cpp">
      <Filter>utils</Filter>
    </ClCompile>
    <ClCompile Include="..\..\__WinConst\mswin\WinUser.itc.cpp">
      <Filter>utils</Filter>
    </ClCompile>
  </ItemGroup>
  <ItemGroup>
    <ClInclude Include="iversion.h" />
    <ClInclude Include="resource.h" />
    <ClInclude Include="..\..\__chjcxx\common-include\include\EnsureClnup_mswin.h">
      <Filter>utils</Filter>
    </ClInclude>
    <ClInclude Include="..\..\__chjcxx\common-include\include\mswin\JULayout2.h">
      <Filter>utils</Filter>
    </ClInclude>
    <ClInclude Include="..\utils.h">
      <Filter>utils</Filter>
    </ClInclude>
    <ClInclude Include="..\..\__WinConst\mswin\WinError.itc.h">
      <Filter>utils</Filter>
    </ClInclude>
    <ClInclude Include="..\..\__WinConst\mswin\winnt.itc.h">
      <Filter>utils</Filter>
    </ClInclude>
  </ItemGroup>
  <ItemGroup>
    <ResourceCompile Include="SimpleCreateFile.rc" />
  </ItemGroup>
  <ItemGroup>
    <None Include="SimpleCreateFile.ico" />
    <None Include="_iversion.rc" />
  </ItemGroup>
  <ItemGroup>
    <Filter Include="utils">
      <UniqueIdentifier>{6117a070-02a4-4dfc-b0b5-2aa44bc5a9e4}</UniqueIdentifier>
    </Filter>
  </ItemGroup>
</Project>