
Microsoft Visual Studio Solution File, Format Version 11.00
# Visual Studio 2010
Project("{8BC9CEB8-8B4A-11D0-8D11-00A0C91BC942}") = "coro0_setjmp", "coro0_setjmp\coro0_setjmp.vcxproj", "{20250317-0000-0000-0000-200236000001}"
EndProject
Project("{8BC9CEB8-8B4A-11D0-8D11-00A0C91BC942}") = "coro1_switch_yield", "coro1_switch_yield\coro1_switch_yield.vcxproj", "{20250317-0000-0000-0000-200536000001}"
EndProject
Project("{8BC9CEB8-8B4A-11D0-8D11-00A0C91BC942}") = "coro2_switch_pingpong", "coro2_switch_pingpong\coro2_switch_pingpong.vcxproj", "{20250317-0000-0000-0000-201159000001}"
EndProject
Project("{8BC9CEB8-8B4A-11D0-8D11-00A0C91BC942}") = "wrong1_setjmp", "wrong1_setjmp\wrong1_setjmp.vcxproj", "{20250317-0000-0000-0000-203457000001}"
EndProject
Project("{8BC9CEB8-8B4A-11D0-8D11-00A0C91BC942}") = "wrong2_setjmp", "wrong2_setjmp\wrong2_setjmp.vcxproj", "{20250317-0000-0000-0000-204815000001}"
EndProject
Global
	GlobalSection(SolutionConfigurationPlatforms) = preSolution
		Debug ANSI|Win32 = Debug ANSI|Win32
		Debug ANSI|x64 = Debug ANSI|x64
		Debug|Win32 = Debug|Win32
		Debug|x64 = Debug|x64
		Release ANSI|Win32 = Release ANSI|Win32
		Release ANSI|x64 = Release ANSI|x64
		Release|Win32 = Release|Win32
		Release|x64 = Release|x64
	EndGlobalSection
	GlobalSection(ProjectConfigurationPlatforms) = postSolution
		{20250317-0000-0000-0000-200236000001}.Debug ANSI|Win32.ActiveCfg = Debug ANSI|Win32
		{20250317-0000-0000-0000-200236000001}.Debug ANSI|Win32.Build.0 = Debug ANSI|Win32
		{20250317-0000-0000-0000-200236000001}.Debug ANSI|x64.ActiveCfg = Debug ANSI|x64
		{20250317-0000-0000-0000-200236000001}.Debug ANSI|x64.Build.0 = Debug ANSI|x64
		{20250317-0000-0000-0000-200236000001}.Debug|Win32.ActiveCfg = Debug|Win32
		{20250317-0000-0000-0000-200236000001}.Debug|Win32.Build.0 = Debug|Win32
		{20250317-0000-0000-0000-200236000001}.Debug|x64.ActiveCfg = Debug|x64
		{20250317-0000-0000-0000-200236000001}.Debug|x64.Build.0 = Debug|x64
		{20250317-0000-0000-0000-200236000001}.Release ANSI|Win32.ActiveCfg = Release ANSI|Win32
		{20250317-0000-0000-0000-200236000001}.Release ANSI|Win32.Build.0 = Release ANSI|Win32
		{20250317-0000-0000-0000-200236000001}.Release ANSI|x64.ActiveCfg = Release ANSI|x64
		{20250317-0000-0000-0000-200236000001}.Release ANSI|x64.Build.0 = Release ANSI|x64
		{20250317-0000-0000-0000-200236000001}.Release|Win32.ActiveCfg = Release|Win32
		{20250317-0000-0000-0000-200236000001}.Release|Win32.Build.0 = Release|Win32
		{20250317-0000-0000-0000-200236000001}.Release|x64.ActiveCfg = Release|x64
		{20250317-0000-0000-0000-200236000001}.Release|x64.Build.0 = Release|x64
		{20250317-0000-0000-0000-200536000001}.Debug ANSI|Win32.ActiveCfg = Debug ANSI|Win32
		{20250317-0000-0000-0000-200536000001}.Debug ANSI|Win32.Build.0 = Debug ANSI|Win32
		{20250317-0000-0000-0000-200536000001}.Debug ANSI|x64.ActiveCfg = Debug ANSI|x64
		{20250317-0000-0000-0000-200536000001}.Debug ANSI|x64.Build.0 = Debug ANSI|x64
		{20250317-0000-0000-0000-200536000001}.Debug|Win32.ActiveCfg = Debug|Win32
		{20250317-0000-0000-0000-200536000001}.Debug|Win32.Build.0 = Debug|Win32
		{20250317-0000-0000-0000-200536000001}.Debug|x64.ActiveCfg = Debug|x64
		{20250317-0000-0000-0000-200536000001}.Debug|x64.Build.0 = Debug|x64
		{20250317-0000-0000-0000-200536000001}.Release ANSI|Win32.ActiveCfg = Release ANSI|Win32
		{20250317-0000-0000-0000-200536000001}.Release ANSI|Win32.Build.0 = Release ANSI|Win32
		{20250317-0000-0000-0000-200536000001}.Release ANSI|x64.ActiveCfg = Release ANSI|x64
		{20250317-0000-0000-0000-200536000001}.Release ANSI|x64.Build.0 = Release ANSI|x64
		{20250317-0000-0000-0000-200536000001}.Release|Win32.ActiveCfg = Release|Win32
		{20250317-0000-0000-0000-200536000001}.Release|Win32.Build.0 = Release|Win32
		{20250317-0000-0000-0000-200536000001}.Release|x64.ActiveCfg = Release|x64
		{20250317-0000-0000-0000-200536000001}.Release|x64.Build.0 = Release|x64
		{20250317-0000-0000-0000-201159000001}.Debug ANSI|Win32.ActiveCfg = Debug ANSI|Win32
		{20250317-0000-0000-0000-201159000001}.Debug ANSI|Win32.Build.0 = Debug ANSI|Win32
		{20250317-0000-0000-0000-201159000001}.Debug ANSI|x64.ActiveCfg = Debug ANSI|x64
		{20250317-0000-0000-0000-201159000001}.Debug ANSI|x64.Build.0 = Debug ANSI|x64
		{20250317-0000-0000-0000-201159000001}.Debug|Win32.ActiveCfg = Debug|Win32
		{20250317-0000-0000-0000-201159000001}.Debug|Win32.Build.0 = Debug|Win32
		{20250317-0000-0000-0000-201159000001}.Debug|x64.ActiveCfg = Debug|x64
		{20250317-0000-0000-0000-201159000001}.Debug|x64.Build.0 = Debug|x64
		{20250317-0000-0000-0000-201159000001}.Release ANSI|Win32.ActiveCfg = Release ANSI|Win32
		{20250317-0000-0000-0000-201159000001}.Release ANSI|Win32.Build.0 = Release ANSI|Win32
		{20250317-0000-0000-0000-201159000001}.Release ANSI|x64.ActiveCfg = Release ANSI|x64
		{20250317-0000-0000-0000-201159000001}.Release ANSI|x64.Build.0 = Release ANSI|x64
		{20250317-0000-0000-0000-201159000001}.Release|Win32.ActiveCfg = Release|Win32
		{20250317-0000-0000-0000-201159000001}.Release|Win32.Build.0 = Release|Win32
		{20250317-0000-0000-0000-201159000001}.Release|x64.ActiveCfg = Release|x64
		{20250317-0000-0000-0000-201159000001}.Release|x64.Build.0 = Release|x64
		{20250317-0000-0000-0000-203457000001}.Debug ANSI|Win32.ActiveCfg = Debug ANSI|Win32
		{20250317-0000-0000-0000-203457000001}.Debug ANSI|Win32.Build.0 = Debug ANSI|Win32
		{20250317-0000-0000-0000-203457000001}.Debug ANSI|x64.ActiveCfg = Debug ANSI|x64
		{20250317-0000-0000-0000-203457000001}.Debug ANSI|x64.Build.0 = Debug ANSI|x64
		{20250317-0000-0000-0000-203457000001}.Debug|Win32.ActiveCfg = Debug|Win32
		{20250317-0000-0000-0000-203457000001}.Debug|Win32.Build.0 = Debug|Win32
		{20250317-0000-0000-0000-203457000001}.Debug|x64.ActiveCfg = Debug|x64
		{20250317-0000-0000-0000-203457000001}.Debug|x64.Build.0 = Debug|x64
		{20250317-0000-0000-0000-203457000001}.Release ANSI|Win32.ActiveCfg = Release ANSI|Win32
		{20250317-0000-0000-0000-203457000001}.Release ANSI|Win32.Build.0 = Release ANSI|Win32
		{20250317-0000-0000-0000-203457000001}.Release ANSI|x64.ActiveCfg = Release ANSI|x64
		{20250317-0000-0000-0000-203457000001}.Release ANSI|x64.Build.0 = Release ANSI|x64
		{20250317-0000-0000-0000-203457000001}.Release|Win32.ActiveCfg = Release|Win32
		{20250317-0000-0000-0000-203457000001}.Release|Win32.Build.0 = Release|Win32
		{20250317-0000-0000-0000-203457000001}.Release|x64.ActiveCfg = Release|x64
		{20250317-0000-0000-0000-203457000001}.Release|x64.Build.0 = Release|x64
		{20250317-0000-0000-0000-204815000001}.Debug ANSI|Win32.ActiveCfg = Debug ANSI|Win32
		{20250317-0000-0000-0000-204815000001}.Debug ANSI|Win32.Build.0 = Debug ANSI|Win32
		{20250317-0000-0000-0000-204815000001}.Debug ANSI|x64.ActiveCfg = Debug ANSI|x64
		{20250317-0000-0000-0000-204815000001}.Debug ANSI|x64.Build.0 = Debug ANSI|x64
		{20250317-0000-0000-0000-204815000001}.Debug|Win32.ActiveCfg = Debug|Win32
		{20250317-0000-0000-0000-204815000001}.Debug|Win32.Build.0 = Debug|Win32
		{20250317-0000-0000-0000-204815000001}.Debug|x64.ActiveCfg = Debug|x64
		{20250317-0000-0000-0000-204815000001}.Debug|x64.Build.0 = Debug|x64
		{20250317-0000-0000-0000-204815000001}.Release ANSI|Win32.ActiveCfg = Release ANSI|Win32
		{20250317-0000-0000-0000-204815000001}.Release ANSI|Win32.Build.0 = Release ANSI|Win32
		{20250317-0000-0000-0000-204815000001}.Release ANSI|x64.ActiveCfg = Release ANSI|x64
		{20250317-0000-0000-0000-204815000001}.Release ANSI|x64.Build.0 = Release ANSI|x64
		{20250317-0000-0000-0000-204815000001}.Release|Win32.ActiveCfg = Release|Win32
		{20250317-0000-0000-0000-204815000001}.Release|Win32.Build.0 = Release|Win32
		{20250317-0000-0000-0000-204815000001}.Release|x64.ActiveCfg = Release|x64
		{20250317-0000-0000-0000-204815000001}.Release|x64.Build.0 = Release|x64
	EndGlobalSection
	GlobalSection(SolutionProperties) = preSolution
		HideSolutionNode = FALSE
	EndGlobalSection
EndGlobal
