
Microsoft Visual Studio Solution File, Format Version 11.00
# Visual Studio 2010
Project("{8BC9CEB8-8B4A-11D0-8D11-00A0C91BC942}") = "wrapBQ", "wrapBQ.vcxproj", "{20250213-0000-0000-0000-100002000001}"
EndProject
Project("{8BC9CEB8-8B4A-11D0-8D11-00A0C91BC942}") = "pristine1", "pristine1.vcxproj", "{20250213-0000-0000-0000-155446000001}"
EndProject
Project("{8BC9CEB8-8B4A-11D0-8D11-00A0C91BC942}") = "pristine2", "pristine2.vcxproj", "{20250213-0000-0000-0000-162019000001}"
EndProject
Project("{8BC9CEB8-8B4A-11D0-8D11-00A0C91BC942}") = "wrapBQ_T", "wrapBQ_T.vcxproj", "{20250213-0000-0000-0000-163407000001}"
EndProject
Project("{8BC9CEB8-8B4A-11D0-8D11-00A0C91BC942}") = "wrapBQ_Ts", "wrapBQ_Ts.vcxproj", "{20250213-0000-0000-0000-165314000001}"
EndProject
Project("{8BC9CEB8-8B4A-11D0-8D11-00A0C91BC942}") = "pristine1x", "pristine1x.vcxproj", "{20250216-0000-0000-0000-122707000001}"
EndProject
Global
	GlobalSection(SolutionConfigurationPlatforms) = preSolution
		Debug ANSI|Win32 = Debug ANSI|Win32
		Debug ANSI|x64 = Debug ANSI|x64
		Debug|Win32 = Debug|Win32
		Debug|x64 = Debug|x64
		Release ANSI|Win32 = Release ANSI|Win32
		Release ANSI|x64 = Release ANSI|x64
		Release|Win32 = Release|Win32
		Release|x64 = Release|x64
	EndGlobalSection
	GlobalSection(ProjectConfigurationPlatforms) = postSolution
		{20250213-0000-0000-0000-100002000001}.Debug ANSI|Win32.ActiveCfg = Debug ANSI|Win32
		{20250213-0000-0000-0000-100002000001}.Debug ANSI|Win32.Build.0 = Debug ANSI|Win32
		{20250213-0000-0000-0000-100002000001}.Debug ANSI|x64.ActiveCfg = Debug ANSI|x64
		{20250213-0000-0000-0000-100002000001}.Debug ANSI|x64.Build.0 = Debug ANSI|x64
		{20250213-0000-0000-0000-100002000001}.Debug|Win32.ActiveCfg = Debug|Win32
		{20250213-0000-0000-0000-100002000001}.Debug|Win32.Build.0 = Debug|Win32
		{20250213-0000-0000-0000-100002000001}.Debug|x64.ActiveCfg = Debug|x64
		{20250213-0000-0000-0000-100002000001}.Debug|x64.Build.0 = Debug|x64
		{20250213-0000-0000-0000-100002000001}.Release ANSI|Win32.ActiveCfg = Release ANSI|Win32
		{20250213-0000-0000-0000-100002000001}.Release ANSI|Win32.Build.0 = Release ANSI|Win32
		{20250213-0000-0000-0000-100002000001}.Release ANSI|x64.ActiveCfg = Release ANSI|x64
		{20250213-0000-0000-0000-100002000001}.Release ANSI|x64.Build.0 = Release ANSI|x64
		{20250213-0000-0000-0000-100002000001}.Release|Win32.ActiveCfg = Release|Win32
		{20250213-0000-0000-0000-100002000001}.Release|Win32.Build.0 = Release|Win32
		{20250213-0000-0000-0000-100002000001}.Release|x64.ActiveCfg = Release|x64
		{20250213-0000-0000-0000-100002000001}.Release|x64.Build.0 = Release|x64
		{20250213-0000-0000-0000-155446000001}.Debug ANSI|Win32.ActiveCfg = Debug ANSI|Win32
		{20250213-0000-0000-0000-155446000001}.Debug ANSI|Win32.Build.0 = Debug ANSI|Win32
		{20250213-0000-0000-0000-155446000001}.Debug ANSI|x64.ActiveCfg = Debug ANSI|x64
		{20250213-0000-0000-0000-155446000001}.Debug ANSI|x64.Build.0 = Debug ANSI|x64
		{20250213-0000-0000-0000-155446000001}.Debug|Win32.ActiveCfg = Debug|Win32
		{20250213-0000-0000-0000-155446000001}.Debug|Win32.Build.0 = Debug|Win32
		{20250213-0000-0000-0000-155446000001}.Debug|x64.ActiveCfg = Debug|x64
		{20250213-0000-0000-0000-155446000001}.Debug|x64.Build.0 = Debug|x64
		{20250213-0000-0000-0000-155446000001}.Release ANSI|Win32.ActiveCfg = Release ANSI|Win32
		{20250213-0000-0000-0000-155446000001}.Release ANSI|Win32.Build.0 = Release ANSI|Win32
		{20250213-0000-0000-0000-155446000001}.Release ANSI|x64.ActiveCfg = Release ANSI|x64
		{20250213-0000-0000-0000-155446000001}.Release ANSI|x64.Build.0 = Release ANSI|x64
		{20250213-0000-0000-0000-155446000001}.Release|Win32.ActiveCfg = Release|Win32
		{20250213-0000-0000-0000-155446000001}.Release|Win32.Build.0 = Release|Win32
		{20250213-0000-0000-0000-155446000001}.Release|x64.ActiveCfg = Release|x64
		{20250213-0000-0000-0000-155446000001}.Release|x64.Build.0 = Release|x64
		{20250213-0000-0000-0000-162019000001}.Debug ANSI|Win32.ActiveCfg = Debug ANSI|Win32
		{20250213-0000-0000-0000-162019000001}.Debug ANSI|Win32.Build.0 = Debug ANSI|Win32
		{20250213-0000-0000-0000-162019000001}.Debug ANSI|x64.ActiveCfg = Debug ANSI|x64
		{20250213-0000-0000-0000-162019000001}.Debug ANSI|x64.Build.0 = Debug ANSI|x64
		{20250213-0000-0000-0000-162019000001}.Debug|Win32.ActiveCfg = Debug|Win32
		{20250213-0000-0000-0000-162019000001}.Debug|Win32.Build.0 = Debug|Win32
		{20250213-0000-0000-0000-162019000001}.Debug|x64.ActiveCfg = Debug|x64
		{20250213-0000-0000-0000-162019000001}.Debug|x64.Build.0 = Debug|x64
		{20250213-0000-0000-0000-162019000001}.Release ANSI|Win32.ActiveCfg = Release ANSI|Win32
		{20250213-0000-0000-0000-162019000001}.Release ANSI|Win32.Build.0 = Release ANSI|Win32
		{20250213-0000-0000-0000-162019000001}.Release ANSI|x64.ActiveCfg = Release ANSI|x64
		{20250213-0000-0000-0000-162019000001}.Release ANSI|x64.Build.0 = Release ANSI|x64
		{20250213-0000-0000-0000-162019000001}.Release|Win32.ActiveCfg = Release|Win32
		{20250213-0000-0000-0000-162019000001}.Release|Win32.Build.0 = Release|Win32
		{20250213-0000-0000-0000-162019000001}.Release|x64.ActiveCfg = Release|x64
		{20250213-0000-0000-0000-162019000001}.Release|x64.Build.0 = Release|x64
		{20250213-0000-0000-0000-163407000001}.Debug ANSI|Win32.ActiveCfg = Debug ANSI|Win32
		{20250213-0000-0000-0000-163407000001}.Debug ANSI|Win32.Build.0 = Debug ANSI|Win32
		{20250213-0000-0000-0000-163407000001}.Debug ANSI|x64.ActiveCfg = Debug ANSI|x64
		{20250213-0000-0000-0000-163407000001}.Debug ANSI|x64.Build.0 = Debug ANSI|x64
		{20250213-0000-0000-0000-163407000001}.Debug|Win32.ActiveCfg = Debug|Win32
		{20250213-0000-0000-0000-163407000001}.Debug|Win32.Build.0 = Debug|Win32
		{20250213-0000-0000-0000-163407000001}.Debug|x64.ActiveCfg = Debug|x64
		{20250213-0000-0000-0000-163407000001}.Debug|x64.Build.0 = Debug|x64
		{20250213-0000-0000-0000-163407000001}.Release ANSI|Win32.ActiveCfg = Release ANSI|Win32
		{20250213-0000-0000-0000-163407000001}.Release ANSI|Win32.Build.0 = Release ANSI|Win32
		{20250213-0000-0000-0000-163407000001}.Release ANSI|x64.ActiveCfg = Release ANSI|x64
		{20250213-0000-0000-0000-163407000001}.Release ANSI|x64.Build.0 = Release ANSI|x64
		{20250213-0000-0000-0000-163407000001}.Release|Win32.ActiveCfg = Release|Win32
		{20250213-0000-0000-0000-163407000001}.Release|Win32.Build.0 = Release|Win32
		{20250213-0000-0000-0000-163407000001}.Release|x64.ActiveCfg = Release|x64
		{20250213-0000-0000-0000-163407000001}.Release|x64.Build.0 = Release|x64
		{20250213-0000-0000-0000-165314000001}.Debug ANSI|Win32.ActiveCfg = Debug ANSI|Win32
		{20250213-0000-0000-0000-165314000001}.Debug ANSI|Win32.Build.0 = Debug ANSI|Win32
		{20250213-0000-0000-0000-165314000001}.Debug ANSI|x64.ActiveCfg = Debug ANSI|x64
		{20250213-0000-0000-0000-165314000001}.Debug ANSI|x64.Build.0 = Debug ANSI|x64
		{20250213-0000-0000-0000-165314000001}.Debug|Win32.ActiveCfg = Debug|Win32
		{20250213-0000-0000-0000-165314000001}.Debug|Win32.Build.0 = Debug|Win32
		{20250213-0000-0000-0000-165314000001}.Debug|x64.ActiveCfg = Debug|x64
		{20250213-0000-0000-0000-165314000001}.Debug|x64.Build.0 = Debug|x64
		{20250213-0000-0000-0000-165314000001}.Release ANSI|Win32.ActiveCfg = Release ANSI|Win32
		{20250213-0000-0000-0000-165314000001}.Release ANSI|Win32.Build.0 = Release ANSI|Win32
		{20250213-0000-0000-0000-165314000001}.Release ANSI|x64.ActiveCfg = Release ANSI|x64
		{20250213-0000-0000-0000-165314000001}.Release ANSI|x64.Build.0 = Release ANSI|x64
		{20250213-0000-0000-0000-165314000001}.Release|Win32.ActiveCfg = Release|Win32
		{20250213-0000-0000-0000-165314000001}.Release|Win32.Build.0 = Release|Win32
		{20250213-0000-0000-0000-165314000001}.Release|x64.ActiveCfg = Release|x64
		{20250213-0000-0000-0000-165314000001}.Release|x64.Build.0 = Release|x64
		{20250216-0000-0000-0000-122707000001}.Debug ANSI|Win32.ActiveCfg = Debug ANSI|Win32
		{20250216-0000-0000-0000-122707000001}.Debug ANSI|Win32.Build.0 = Debug ANSI|Win32
		{20250216-0000-0000-0000-122707000001}.Debug ANSI|x64.ActiveCfg = Debug ANSI|x64
		{20250216-0000-0000-0000-122707000001}.Debug ANSI|x64.Build.0 = Debug ANSI|x64
		{20250216-0000-0000-0000-122707000001}.Debug|Win32.ActiveCfg = Debug|Win32
		{20250216-0000-0000-0000-122707000001}.Debug|Win32.Build.0 = Debug|Win32
		{20250216-0000-0000-0000-122707000001}.Debug|x64.ActiveCfg = Debug|x64
		{20250216-0000-0000-0000-122707000001}.Debug|x64.Build.0 = Debug|x64
		{20250216-0000-0000-0000-122707000001}.Release ANSI|Win32.ActiveCfg = Release ANSI|Win32
		{20250216-0000-0000-0000-122707000001}.Release ANSI|Win32.Build.0 = Release ANSI|Win32
		{20250216-0000-0000-0000-122707000001}.Release ANSI|x64.ActiveCfg = Release ANSI|x64
		{20250216-0000-0000-0000-122707000001}.Release ANSI|x64.Build.0 = Release ANSI|x64
		{20250216-0000-0000-0000-122707000001}.Release|Win32.ActiveCfg = Release|Win32
		{20250216-0000-0000-0000-122707000001}.Release|Win32.Build.0 = Release|Win32
		{20250216-0000-0000-0000-122707000001}.Release|x64.ActiveCfg = Release|x64
		{20250216-0000-0000-0000-122707000001}.Release|x64.Build.0 = Release|x64
	EndGlobalSection
	GlobalSection(SolutionProperties) = preSolution
		HideSolutionNode = FALSE
	EndGlobalSection
EndGlobal
