<?xml version="1.0" encoding="utf-8"?>
<Project ToolsVersion="4.0" xmlns="http://schemas.microsoft.com/developer/msbuild/2003">
  <ItemGroup>
    <ClCompile Include="ntfsSetNamedSecurityInfo1.cpp" />
    <ClCompile Include="..\..\__WinConst\itc\InterpretConst.cpp">
      <Filter>chjutils</Filter>
    </ClCompile>
    <ClCompile Include="..\..\__WinConst\mswin\WinError.itc.cpp">
      <Filter>chjutils</Filter>
    </ClCompile>
    <ClCompile Include="..\utils.cpp">
      <Filter>chjutils</Filter>
    </ClCompile>
    <ClCompile Include="CHIMPL.cpp">
      <Filter>chjutils</Filter>
    </ClCompile>
    <ClCompile Include="..\..\__WinConst\mswin\winnt.itc.cpp">
      <Filter>chjutils</Filter>
    </ClCompile>
  </ItemGroup>
  <ItemGroup>
    <ClInclude Include="iversion.h" />
    <ClInclude Include="resource.h" />
    <ClInclude Include="..\..\__chjcxx\common-include\include\EnsureClnup_mswin.h">
      <Filter>chjutils</Filter>
    </ClInclude>
    <ClInclude Include="..\..\__chjcxx\common-include\include\mswin\JULayout2.h">
      <Filter>chjutils</Filter>
    </ClInclude>
    <ClInclude Include="..\..\__WinConst\mswin\WinError.itc.h">
      <Filter>chjutils</Filter>
    </ClInclude>
    <ClInclude Include="..\..\__chjcxx\common-include\include\StringHelper.h">
      <Filter>chjutils</Filter>
    </ClInclude>
    <ClInclude Include="helper.h" />
    <ClInclude Include="..\utils.h">
      <Filter>chjutils</Filter>
    </ClInclude>
  </ItemGroup>
  <ItemGroup>
    <ResourceCompile Include="ntfsSetNamedSecurityInfo1.rc" />
  </ItemGroup>
  <ItemGroup>
    <None Include="ntfsSetNamedSecurityInfo1.ico" />
    <None Include="_iversion.rc" />
  </ItemGroup>
  <ItemGroup>
    <Filter Include="chjutils">
      <UniqueIdentifier>{edb3e622-94a5-4b38-9623-e69ca242cc49}</UniqueIdentifier>
    </Filter>
  </ItemGroup>
</Project>